// !$*UTF8*$!
{
	archiveVersion = 1;
	classes = {
	};
	objectVersion = 50;
	objects = {

/* Begin PBXBuildFile section */
		78B6002320BE782E007BCEB4 /* AppDelegate.swift in Sources */ = {isa = PBXBuildFile; fileRef = 78B6002220BE782E007BCEB4 /* AppDelegate.swift */; };
		78B6002520BE782E007BCEB4 /* ViewController.swift in Sources */ = {isa = PBXBuildFile; fileRef = 78B6002420BE782E007BCEB4 /* ViewController.swift */; };
		78B6002820BE782E007BCEB4 /* Main.storyboard in Resources */ = {isa = PBXBuildFile; fileRef = 78B6002620BE782E007BCEB4 /* Main.storyboard */; };
		78B6002A20BE782F007BCEB4 /* Assets.xcassets in Resources */ = {isa = PBXBuildFile; fileRef = 78B6002920BE782F007BCEB4 /* Assets.xcassets */; };
		78B6002D20BE782F007BCEB4 /* LaunchScreen.storyboard in Resources */ = {isa = PBXBuildFile; fileRef = 78B6002B20BE782F007BCEB4 /* LaunchScreen.storyboard */; };
		78B6003820BE782F007BCEB4 /* OpenCVWithSwiftTests.swift in Sources */ = {isa = PBXBuildFile; fileRef = 78B6003720BE782F007BCEB4 /* OpenCVWithSwiftTests.swift */; };
		78B6004420BE7B3F007BCEB4 /* opencv2.framework in Frameworks */ = {isa = PBXBuildFile; fileRef = 78B6004320BE7B3F007BCEB4 /* opencv2.framework */; };
		78B6004620BE7BE9007BCEB4 /* AssetsLibrary.framework in Frameworks */ = {isa = PBXBuildFile; fileRef = 78B6004520BE7BE9007BCEB4 /* AssetsLibrary.framework */; };
		78B6004820BE7BF3007BCEB4 /* CoreGraphics.framework in Frameworks */ = {isa = PBXBuildFile; fileRef = 78B6004720BE7BF3007BCEB4 /* CoreGraphics.framework */; };
		78B6004A20BE7C00007BCEB4 /* CoreMedia.framework in Frameworks */ = {isa = PBXBuildFile; fileRef = 78B6004920BE7C00007BCEB4 /* CoreMedia.framework */; };
		78B6004C20BE7C09007BCEB4 /* CoreFoundation.framework in Frameworks */ = {isa = PBXBuildFile; fileRef = 78B6004B20BE7C09007BCEB4 /* CoreFoundation.framework */; };
		78B6004E20BE7C12007BCEB4 /* Accelerate.framework in Frameworks */ = {isa = PBXBuildFile; fileRef = 78B6004D20BE7C12007BCEB4 /* Accelerate.framework */; };
		78B6005220BE7D9A007BCEB4 /* OpenCVWrapper.mm in Sources */ = {isa = PBXBuildFile; fileRef = 78B6005120BE7D9A007BCEB4 /* OpenCVWrapper.mm */; };
/* End PBXBuildFile section */

/* Begin PBXContainerItemProxy section */
		78B6003420BE782F007BCEB4 /* PBXContainerItemProxy */ = {
			isa = PBXContainerItemProxy;
			containerPortal = 78B6001720BE782E007BCEB4 /* Project object */;
			proxyType = 1;
			remoteGlobalIDString = 78B6001E20BE782E007BCEB4;
			remoteInfo = OpenCVWithSwift;
		};
/* End PBXContainerItemProxy section */

/* Begin PBXFileReference section */
		78B6001F20BE782E007BCEB4 /* OpenCVWithSwift.app */ = {isa = PBXFileReference; explicitFileType = wrapper.application; includeInIndex = 0; path = OpenCVWithSwift.app; sourceTree = BUILT_PRODUCTS_DIR; };
		78B6002220BE782E007BCEB4 /* AppDelegate.swift */ = {isa = PBXFileReference; lastKnownFileType = sourcecode.swift; path = AppDelegate.swift; sourceTree = "<group>"; };
		78B6002420BE782E007BCEB4 /* ViewController.swift */ = {isa = PBXFileReference; lastKnownFileType = sourcecode.swift; path = ViewController.swift; sourceTree = "<group>"; };
		78B6002720BE782E007BCEB4 /* Base */ = {isa = PBXFileReference; lastKnownFileType = file.storyboard; name = Base; path = Base.lproj/Main.storyboard; sourceTree = "<group>"; };
		78B6002920BE782F007BCEB4 /* Assets.xcassets */ = {isa = PBXFileReference; lastKnownFileType = folder.assetcatalog; path = Assets.xcassets; sourceTree = "<group>"; };
		78B6002C20BE782F007BCEB4 /* Base */ = {isa = PBXFileReference; lastKnownFileType = file.storyboard; name = Base; path = Base.lproj/LaunchScreen.storyboard; sourceTree = "<group>"; };
		78B6002E20BE782F007BCEB4 /* Info.plist */ = {isa = PBXFileReference; lastKnownFileType = text.plist.xml; path = Info.plist; sourceTree = "<group>"; };
		78B6003320BE782F007BCEB4 /* OpenCVWithSwiftTests.xctest */ = {isa = PBXFileReference; explicitFileType = wrapper.cfbundle; includeInIndex = 0; path = OpenCVWithSwiftTests.xctest; sourceTree = BUILT_PRODUCTS_DIR; };
		78B6003720BE782F007BCEB4 /* OpenCVWithSwiftTests.swift */ = {isa = PBXFileReference; lastKnownFileType = sourcecode.swift; path = OpenCVWithSwiftTests.swift; sourceTree = "<group>"; };
		78B6003920BE782F007BCEB4 /* Info.plist */ = {isa = PBXFileReference; lastKnownFileType = text.plist.xml; path = Info.plist; sourceTree = "<group>"; };
		78B6004320BE7B3F007BCEB4 /* opencv2.framework */ = {isa = PBXFileReference; lastKnownFileType = wrapper.framework; name = opencv2.framework; path = OpenCVWithSwift/opencv2.framework; sourceTree = "<group>"; };
		78B6004520BE7BE9007BCEB4 /* AssetsLibrary.framework */ = {isa = PBXFileReference; lastKnownFileType = wrapper.framework; name = AssetsLibrary.framework; path = System/Library/Frameworks/AssetsLibrary.framework; sourceTree = SDKROOT; };
		78B6004720BE7BF3007BCEB4 /* CoreGraphics.framework */ = {isa = PBXFileReference; lastKnownFileType = wrapper.framework; name = CoreGraphics.framework; path = System/Library/Frameworks/CoreGraphics.framework; sourceTree = SDKROOT; };
		78B6004920BE7C00007BCEB4 /* CoreMedia.framework */ = {isa = PBXFileReference; lastKnownFileType = wrapper.framework; name = CoreMedia.framework; path = System/Library/Frameworks/CoreMedia.framework; sourceTree = SDKROOT; };
		78B6004B20BE7C09007BCEB4 /* CoreFoundation.framework */ = {isa = PBXFileReference; lastKnownFileType = wrapper.framework; name = CoreFoundation.framework; path = System/Library/Frameworks/CoreFoundation.framework; sourceTree = SDKROOT; };
		78B6004D20BE7C12007BCEB4 /* Accelerate.framework */ = {isa = PBXFileReference; lastKnownFileType = wrapper.framework; name = Accelerate.framework; path = System/Library/Frameworks/Accelerate.framework; sourceTree = SDKROOT; };
		78B6004F20BE7D9A007BCEB4 /* OpenCVWithSwift-Bridging-Header.h */ = {isa = PBXFileReference; lastKnownFileType = sourcecode.c.h; path = "OpenCVWithSwift-Bridging-Header.h"; sourceTree = "<group>"; };
		78B6005020BE7D9A007BCEB4 /* OpenCVWrapper.h */ = {isa = PBXFileReference; lastKnownFileType = sourcecode.c.h; path = OpenCVWrapper.h; sourceTree = "<group>"; };
		78B6005120BE7D9A007BCEB4 /* OpenCVWrapper.mm */ = {isa = PBXFileReference; lastKnownFileType = sourcecode.cpp.objcpp; path = OpenCVWrapper.mm; sourceTree = "<group>"; };
		78B6005320BE7F28007BCEB4 /* PrefixHeader.pch */ = {isa = PBXFileReference; lastKnownFileType = sourcecode.c.h; path = PrefixHeader.pch; sourceTree = "<group>"; };
/* End PBXFileReference section */

/* Begin PBXFrameworksBuildPhase section */
		78B6001C20BE782E007BCEB4 /* Frameworks */ = {
			isa = PBXFrameworksBuildPhase;
			buildActionMask = 2147483647;
			files = (
				78B6004E20BE7C12007BCEB4 /* Accelerate.framework in Frameworks */,
				78B6004C20BE7C09007BCEB4 /* CoreFoundation.framework in Frameworks */,
				78B6004A20BE7C00007BCEB4 /* CoreMedia.framework in Frameworks */,
				78B6004820BE7BF3007BCEB4 /* CoreGraphics.framework in Frameworks */,
				78B6004620BE7BE9007BCEB4 /* AssetsLibrary.framework in Frameworks */,
				78B6004420BE7B3F007BCEB4 /* opencv2.framework in Frameworks */,
			);
			runOnlyForDeploymentPostprocessing = 0;
		};
		78B6003020BE782F007BCEB4 /* Frameworks */ = {
			isa = PBXFrameworksBuildPhase;
			buildActionMask = 2147483647;
			files = (
			);
			runOnlyForDeploymentPostprocessing = 0;
		};
/* End PBXFrameworksBuildPhase section */

/* Begin PBXGroup section */
		78B6001620BE782E007BCEB4 = {
			isa = PBXGroup;
			children = (
				78B6002120BE782E007BCEB4 /* OpenCVWithSwift */,
				78B6003620BE782F007BCEB4 /* OpenCVWithSwiftTests */,
				78B6002020BE782E007BCEB4 /* Products */,
				78B6004220BE7B3F007BCEB4 /* Frameworks */,
			);
			sourceTree = "<group>";
		};
		78B6002020BE782E007BCEB4 /* Products */ = {
			isa = PBXGroup;
			children = (
				78B6001F20BE782E007BCEB4 /* OpenCVWithSwift.app */,
				78B6003320BE782F007BCEB4 /* OpenCVWithSwiftTests.xctest */,
			);
			name = Products;
			sourceTree = "<group>";
		};
		78B6002120BE782E007BCEB4 /* OpenCVWithSwift */ = {
			isa = PBXGroup;
			children = (
				78B6005020BE7D9A007BCEB4 /* OpenCVWrapper.h */,
				78B6005120BE7D9A007BCEB4 /* OpenCVWrapper.mm */,
				78B6002220BE782E007BCEB4 /* AppDelegate.swift */,
				78B6002420BE782E007BCEB4 /* ViewController.swift */,
				78B6002620BE782E007BCEB4 /* Main.storyboard */,
				78B6004F20BE7D9A007BCEB4 /* OpenCVWithSwift-Bridging-Header.h */,
				78B6002920BE782F007BCEB4 /* Assets.xcassets */,
				78B6002B20BE782F007BCEB4 /* LaunchScreen.storyboard */,
				78B6002E20BE782F007BCEB4 /* Info.plist */,
				78B6005320BE7F28007BCEB4 /* PrefixHeader.pch */,
			);
			path = OpenCVWithSwift;
			sourceTree = "<group>";
		};
		78B6003620BE782F007BCEB4 /* OpenCVWithSwiftTests */ = {
			isa = PBXGroup;
			children = (
				78B6003720BE782F007BCEB4 /* OpenCVWithSwiftTests.swift */,
				78B6003920BE782F007BCEB4 /* Info.plist */,
			);
			path = OpenCVWithSwiftTests;
			sourceTree = "<group>";
		};
		78B6004220BE7B3F007BCEB4 /* Frameworks */ = {
			isa = PBXGroup;
			children = (
				78B6004D20BE7C12007BCEB4 /* Accelerate.framework */,
				78B6004B20BE7C09007BCEB4 /* CoreFoundation.framework */,
				78B6004920BE7C00007BCEB4 /* CoreMedia.framework */,
				78B6004720BE7BF3007BCEB4 /* CoreGraphics.framework */,
				78B6004520BE7BE9007BCEB4 /* AssetsLibrary.framework */,
				78B6004320BE7B3F007BCEB4 /* opencv2.framework */,
			);
			name = Frameworks;
			sourceTree = "<group>";
		};
/* End PBXGroup section */

/* Begin PBXNativeTarget section */
		78B6001E20BE782E007BCEB4 /* OpenCVWithSwift */ = {
			isa = PBXNativeTarget;
			buildConfigurationList = 78B6003C20BE782F007BCEB4 /* Build configuration list for PBXNativeTarget "OpenCVWithSwift" */;
			buildPhases = (
				78B6001B20BE782E007BCEB4 /* Sources */,
				78B6001C20BE782E007BCEB4 /* Frameworks */,
				78B6001D20BE782E007BCEB4 /* Resources */,
			);
			buildRules = (
			);
			dependencies = (
			);
			name = OpenCVWithSwift;
			productName = OpenCVWithSwift;
			productReference = 78B6001F20BE782E007BCEB4 /* OpenCVWithSwift.app */;
			productType = "com.apple.product-type.application";
		};
		78B6003220BE782F007BCEB4 /* OpenCVWithSwiftTests */ = {
			isa = PBXNativeTarget;
			buildConfigurationList = 78B6003F20BE782F007BCEB4 /* Build configuration list for PBXNativeTarget "OpenCVWithSwiftTests" */;
			buildPhases = (
				78B6002F20BE782F007BCEB4 /* Sources */,
				78B6003020BE782F007BCEB4 /* Frameworks */,
				78B6003120BE782F007BCEB4 /* Resources */,
			);
			buildRules = (
			);
			dependencies = (
				78B6003520BE782F007BCEB4 /* PBXTargetDependency */,
			);
			name = OpenCVWithSwiftTests;
			productName = OpenCVWithSwiftTests;
			productReference = 78B6003320BE782F007BCEB4 /* OpenCVWithSwiftTests.xctest */;
			productType = "com.apple.product-type.bundle.unit-test";
		};
/* End PBXNativeTarget section */

/* Begin PBXProject section */
		78B6001720BE782E007BCEB4 /* Project object */ = {
			isa = PBXProject;
			attributes = {
				LastSwiftUpdateCheck = 0940;
				LastUpgradeCheck = 0940;
				ORGANIZATIONNAME = "feelform Corp";
				TargetAttributes = {
					78B6001E20BE782E007BCEB4 = {
						CreatedOnToolsVersion = 9.4;
						LastSwiftMigration = 0940;
					};
					78B6003220BE782F007BCEB4 = {
						CreatedOnToolsVersion = 9.4;
						TestTargetID = 78B6001E20BE782E007BCEB4;
					};
				};
			};
			buildConfigurationList = 78B6001A20BE782E007BCEB4 /* Build configuration list for PBXProject "OpenCVWithSwift" */;
			compatibilityVersion = "Xcode 9.3";
			developmentRegion = en;
			hasScannedForEncodings = 0;
			knownRegions = (
				en,
				Base,
			);
			mainGroup = 78B6001620BE782E007BCEB4;
			productRefGroup = 78B6002020BE782E007BCEB4 /* Products */;
			projectDirPath = "";
			projectRoot = "";
			targets = (
				78B6001E20BE782E007BCEB4 /* OpenCVWithSwift */,
				78B6003220BE782F007BCEB4 /* OpenCVWithSwiftTests */,
			);
		};
/* End PBXProject section */

/* Begin PBXResourcesBuildPhase section */
		78B6001D20BE782E007BCEB4 /* Resources */ = {
			isa = PBXResourcesBuildPhase;
			buildActionMask = 2147483647;
			files = (
				78B6002D20BE782F007BCEB4 /* LaunchScreen.storyboard in Resources */,
				78B6002A20BE782F007BCEB4 /* Assets.xcassets in Resources */,
				78B6002820BE782E007BCEB4 /* Main.storyboard in Resources */,
			);
			runOnlyForDeploymentPostprocessing = 0;
		};
		78B6003120BE782F007BCEB4 /* Resources */ = {
			isa = PBXResourcesBuildPhase;
			buildActionMask = 2147483647;
			files = (
			);
			runOnlyForDeploymentPostprocessing = 0;
		};
/* End PBXResourcesBuildPhase section */

/* Begin PBXSourcesBuildPhase section */
		78B6001B20BE782E007BCEB4 /* Sources */ = {
			isa = PBXSourcesBuildPhase;
			buildActionMask = 2147483647;
			files = (
				78B6002520BE782E007BCEB4 /* ViewController.swift in Sources */,
				78B6002320BE782E007BCEB4 /* AppDelegate.swift in Sources */,
				78B6005220BE7D9A007BCEB4 /* OpenCVWrapper.mm in Sources */,
			);
			runOnlyForDeploymentPostprocessing = 0;
		};
		78B6002F20BE782F007BCEB4 /* Sources */ = {
			isa = PBXSourcesBuildPhase;
			buildActionMask = 2147483647;
			files = (
				78B6003820BE782F007BCEB4 /* OpenCVWithSwiftTests.swift in Sources */,
			);
			runOnlyForDeploymentPostprocessing = 0;
		};
/* End PBXSourcesBuildPhase section */

/* Begin PBXTargetDependency section */
		78B6003520BE782F007BCEB4 /* PBXTargetDependency */ = {
			isa = PBXTargetDependency;
			target = 78B6001E20BE782E007BCEB4 /* OpenCVWithSwift */;
			targetProxy = 78B6003420BE782F007BCEB4 /* PBXContainerItemProxy */;
		};
/* End PBXTargetDependency section */

/* Begin PBXVariantGroup section */
		78B6002620BE782E007BCEB4 /* Main.storyboard */ = {
			isa = PBXVariantGroup;
			children = (
				78B6002720BE782E007BCEB4 /* Base */,
			);
			name = Main.storyboard;
			sourceTree = "<group>";
		};
		78B6002B20BE782F007BCEB4 /* LaunchScreen.storyboard */ = {
			isa = PBXVariantGroup;
			children = (
				78B6002C20BE782F007BCEB4 /* Base */,
			);
			name = LaunchScreen.storyboard;
			sourceTree = "<group>";
		};
/* End PBXVariantGroup section */

/* Begin XCBuildConfiguration section */
		78B6003A20BE782F007BCEB4 /* Debug */ = {
			isa = XCBuildConfiguration;
			buildSettings = {
				ALWAYS_SEARCH_USER_PATHS = NO;
				CLANG_ANALYZER_NONNULL = YES;
				CLANG_ANALYZER_NUMBER_OBJECT_CONVERSION = YES_AGGRESSIVE;
				CLANG_CXX_LANGUAGE_STANDARD = "gnu++14";
				CLANG_CXX_LIBRARY = "libc++";
				CLANG_ENABLE_MODULES = YES;
				CLANG_ENABLE_OBJC_ARC = YES;
				CLANG_ENABLE_OBJC_WEAK = YES;
				CLANG_WARN_BLOCK_CAPTURE_AUTORELEASING = YES;
				CLANG_WARN_BOOL_CONVERSION = YES;
				CLANG_WARN_COMMA = YES;
				CLANG_WARN_CONSTANT_CONVERSION = YES;
				CLANG_WARN_DEPRECATED_OBJC_IMPLEMENTATIONS = YES;
				CLANG_WARN_DIRECT_OBJC_ISA_USAGE = YES_ERROR;
				CLANG_WARN_DOCUMENTATION_COMMENTS = YES;
				CLANG_WARN_EMPTY_BODY = YES;
				CLANG_WARN_ENUM_CONVERSION = YES;
				CLANG_WARN_INFINITE_RECURSION = YES;
				CLANG_WARN_INT_CONVERSION = YES;
				CLANG_WARN_NON_LITERAL_NULL_CONVERSION = YES;
				CLANG_WARN_OBJC_IMPLICIT_RETAIN_SELF = YES;
				CLANG_WARN_OBJC_LITERAL_CONVERSION = YES;
				CLANG_WARN_OBJC_ROOT_CLASS = YES_ERROR;
				CLANG_WARN_RANGE_LOOP_ANALYSIS = YES;
				CLANG_WARN_STRICT_PROTOTYPES = YES;
				CLANG_WARN_SUSPICIOUS_MOVE = YES;
				CLANG_WARN_UNGUARDED_AVAILABILITY = YES_AGGRESSIVE;
				CLANG_WARN_UNREACHABLE_CODE = YES;
				CLANG_WARN__DUPLICATE_METHOD_MATCH = YES;
				CODE_SIGN_IDENTITY = "iPhone Developer";
				COPY_PHASE_STRIP = NO;
				DEBUG_INFORMATION_FORMAT = dwarf;
				ENABLE_STRICT_OBJC_MSGSEND = YES;
				ENABLE_TESTABILITY = YES;
				GCC_C_LANGUAGE_STANDARD = gnu11;
				GCC_DYNAMIC_NO_PIC = NO;
				GCC_NO_COMMON_BLOCKS = YES;
				GCC_OPTIMIZATION_LEVEL = 0;
				GCC_PREPROCESSOR_DEFINITIONS = (
					"DEBUG=1",
					"$(inherited)",
				);
				GCC_WARN_64_TO_32_BIT_CONVERSION = YES;
				GCC_WARN_ABOUT_RETURN_TYPE = YES_ERROR;
				GCC_WARN_UNDECLARED_SELECTOR = YES;
				GCC_WARN_UNINITIALIZED_AUTOS = YES_AGGRESSIVE;
				GCC_WARN_UNUSED_FUNCTION = YES;
				GCC_WARN_UNUSED_VARIABLE = YES;
				IPHONEOS_DEPLOYMENT_TARGET = 11.4;
				MTL_ENABLE_DEBUG_INFO = YES;
				ONLY_ACTIVE_ARCH = YES;
				SDKROOT = iphoneos;
				SWIFT_ACTIVE_COMPILATION_CONDITIONS = DEBUG;
				SWIFT_OPTIMIZATION_LEVEL = "-Onone";
			};
			name = Debug;
		};
		78B6003B20BE782F007BCEB4 /* Release */ = {
			isa = XCBuildConfiguration;
			buildSettings = {
				ALWAYS_SEARCH_USER_PATHS = NO;
				CLANG_ANALYZER_NONNULL = YES;
				CLANG_ANALYZER_NUMBER_OBJECT_CONVERSION = YES_AGGRESSIVE;
				CLANG_CXX_LANGUAGE_STANDARD = "gnu++14";
				CLANG_CXX_LIBRARY = "libc++";
				CLANG_ENABLE_MODULES = YES;
				CLANG_ENABLE_OBJC_ARC = YES;
				CLANG_ENABLE_OBJC_WEAK = YES;
				CLANG_WARN_BLOCK_CAPTURE_AUTORELEASING = YES;
				CLANG_WARN_BOOL_CONVERSION = YES;
				CLANG_WARN_COMMA = YES;
				CLANG_WARN_CONSTANT_CONVERSION = YES;
				CLANG_WARN_DEPRECATED_OBJC_IMPLEMENTATIONS = YES;
				CLANG_WARN_DIRECT_OBJC_ISA_USAGE = YES_ERROR;
				CLANG_WARN_DOCUMENTATION_COMMENTS = YES;
				CLANG_WARN_EMPTY_BODY = YES;
				CLANG_WARN_ENUM_CONVERSION = YES;
				CLANG_WARN_INFINITE_RECURSION = YES;
				CLANG_WARN_INT_CONVERSION = YES;
				CLANG_WARN_NON_LITERAL_NULL_CONVERSION = YES;
				CLANG_WARN_OBJC_IMPLICIT_RETAIN_SELF = YES;
				CLANG_WARN_OBJC_LITERAL_CONVERSION = YES;
				CLANG_WARN_OBJC_ROOT_CLASS = YES_ERROR;
				CLANG_WARN_RANGE_LOOP_ANALYSIS = YES;
				CLANG_WARN_STRICT_PROTOTYPES = YES;
				CLANG_WARN_SUSPICIOUS_MOVE = YES;
				CLANG_WARN_UNGUARDED_AVAILABILITY = YES_AGGRESSIVE;
				CLANG_WARN_UNREACHABLE_CODE = YES;
				CLANG_WARN__DUPLICATE_METHOD_MATCH = YES;
				CODE_SIGN_IDENTITY = "iPhone Developer";
				COPY_PHASE_STRIP = NO;
				DEBUG_INFORMATION_FORMAT = "dwarf-with-dsym";
				ENABLE_NS_ASSERTIONS = NO;
				ENABLE_STRICT_OBJC_MSGSEND = YES;
				GCC_C_LANGUAGE_STANDARD = gnu11;
				GCC_NO_COMMON_BLOCKS = YES;
				GCC_WARN_64_TO_32_BIT_CONVERSION = YES;
				GCC_WARN_ABOUT_RETURN_TYPE = YES_ERROR;
				GCC_WARN_UNDECLARED_SELECTOR = YES;
				GCC_WARN_UNINITIALIZED_AUTOS = YES_AGGRESSIVE;
				GCC_WARN_UNUSED_FUNCTION = YES;
				GCC_WARN_UNUSED_VARIABLE = YES;
				IPHONEOS_DEPLOYMENT_TARGET = 11.4;
				MTL_ENABLE_DEBUG_INFO = NO;
				SDKROOT = iphoneos;
				SWIFT_COMPILATION_MODE = wholemodule;
				SWIFT_OPTIMIZATION_LEVEL = "-O";
				VALIDATE_PRODUCT = YES;
			};
			name = Release;
		};
		78B6003D20BE782F007BCEB4 /* Debug */ = {
			isa = XCBuildConfiguration;
			buildSettings = {
				ASSETCATALOG_COMPILER_APPICON_NAME = AppIcon;
				CLANG_ENABLE_MODULES = YES;
				CODE_SIGN_STYLE = Automatic;
				DEVELOPMENT_TEAM = 2HPNK5R843;
				FRAMEWORK_SEARCH_PATHS = (
					"$(inherited)",
					"$(PROJECT_DIR)/OpenCVWithSwift",
				);
				GCC_PREFIX_HEADER = OpenCVWithSwift/PrefixHeader.pch;
				INFOPLIST_FILE = OpenCVWithSwift/Info.plist;
				LD_RUNPATH_SEARCH_PATHS = (
					"$(inherited)",
					"@executable_path/Frameworks",
				);
				PRODUCT_BUNDLE_IDENTIFIER = net.feelform.OpenCVWithSwift;
				PRODUCT_NAME = "$(TARGET_NAME)";
				SWIFT_OBJC_BRIDGING_HEADER = "OpenCVWithSwift/OpenCVWithSwift-Bridging-Header.h";
				SWIFT_OPTIMIZATION_LEVEL = "-Onone";
				SWIFT_VERSION = 4.0;
				TARGETED_DEVICE_FAMILY = "1,2";
			};
			name = Debug;
		};
		78B6003E20BE782F007BCEB4 /* Release */ = {
			isa = XCBuildConfiguration;
			buildSettings = {
				ASSETCATALOG_COMPILER_APPICON_NAME = AppIcon;
				CLANG_ENABLE_MODULES = YES;
				CODE_SIGN_STYLE = Automatic;
				DEVELOPMENT_TEAM = 2HPNK5R843;
				FRAMEWORK_SEARCH_PATHS = (
					"$(inherited)",
					"$(PROJECT_DIR)/OpenCVWithSwift",
				);
				GCC_PREFIX_HEADER = OpenCVWithSwift/PrefixHeader.pch;
				INFOPLIST_FILE = OpenCVWithSwift/Info.plist;
				LD_RUNPATH_SEARCH_PATHS = (
					"$(inherited)",
					"@executable_path/Frameworks",
				);
				PRODUCT_BUNDLE_IDENTIFIER = net.feelform.OpenCVWithSwift;
				PRODUCT_NAME = "$(TARGET_NAME)";
				SWIFT_OBJC_BRIDGING_HEADER = "OpenCVWithSwift/OpenCVWithSwift-Bridging-Header.h";
				SWIFT_VERSION = 4.0;
				TARGETED_DEVICE_FAMILY = "1,2";
			};
			name = Release;
		};
		78B6004020BE782F007BCEB4 /* Debug */ = {
			isa = XCBuildConfiguration;
			buildSettings = {
				ALWAYS_EMBED_SWIFT_STANDARD_LIBRARIES = YES;
				BUNDLE_LOADER = "$(TEST_HOST)";
				CODE_SIGN_STYLE = Automatic;
				DEVELOPMENT_TEAM = 2HPNK5R843;
				INFOPLIST_FILE = OpenCVWithSwiftTests/Info.plist;
				LD_RUNPATH_SEARCH_PATHS = (
					"$(inherited)",
					"@executable_path/Frameworks",
					"@loader_path/Frameworks",
				);
				PRODUCT_BUNDLE_IDENTIFIER = net.feelform.OpenCVWithSwiftTests;
				PRODUCT_NAME = "$(TARGET_NAME)";
				SWIFT_VERSION = 4.0;
				TARGETED_DEVICE_FAMILY = "1,2";
				TEST_HOST = "$(BUILT_PRODUCTS_DIR)/OpenCVWithSwift.app/OpenCVWithSwift";
			};
			name = Debug;
		};
		78B6004120BE782F007BCEB4 /* Release */ = {
			isa = XCBuildConfiguration;
			buildSettings = {
				ALWAYS_EMBED_SWIFT_STANDARD_LIBRARIES = YES;
				BUNDLE_LOADER = "$(TEST_HOST)";
				CODE_SIGN_STYLE = Automatic;
				DEVELOPMENT_TEAM = 2HPNK5R843;
				INFOPLIST_FILE = OpenCVWithSwiftTests/Info.plist;
				LD_RUNPATH_SEARCH_PATHS = (
					"$(inherited)",
					"@executable_path/Frameworks",
					"@loader_path/Frameworks",
				);
				PRODUCT_BUNDLE_IDENTIFIER = net.feelform.OpenCVWithSwiftTests;
				PRODUCT_NAME = "$(TARGET_NAME)";
				SWIFT_VERSION = 4.0;
				TARGETED_DEVICE_FAMILY = "1,2";
				TEST_HOST = "$(BUILT_PRODUCTS_DIR)/OpenCVWithSwift.app/OpenCVWithSwift";
			};
			name = Release;
		};
/* End XCBuildConfiguration section */

/* Begin XCConfigurationList section */
		78B6001A20BE782E007BCEB4 /* Build configuration list for PBXProject "OpenCVWithSwift" */ = {
			isa = XCConfigurationList;
			buildConfigurations = (
				78B6003A20BE782F007BCEB4 /* Debug */,
				78B6003B20BE782F007BCEB4 /* Release */,
			);
			defaultConfigurationIsVisible = 0;
			defaultConfigurationName = Release;
		};
		78B6003C20BE782F007BCEB4 /* Build configuration list for PBXNativeTarget "OpenCVWithSwift" */ = {
			isa = XCConfigurationList;
			buildConfigurations = (
				78B6003D20BE782F007BCEB4 /* Debug */,
				78B6003E20BE782F007BCEB4 /* Release */,
			);
			defaultConfigurationIsVisible = 0;
			defaultConfigurationName = Release;
		};
		78B6003F20BE782F007BCEB4 /* Build configuration list for PBXNativeTarget "OpenCVWithSwiftTests" */ = {
			isa = XCConfigurationList;
			buildConfigurations = (
				78B6004020BE782F007BCEB4 /* Debug */,
				78B6004120BE782F007BCEB4 /* Release */,
			);
			defaultConfigurationIsVisible = 0;
			defaultConfigurationName = Release;
		};
/* End XCConfigurationList section */
	};
	rootObject = 78B6001720BE782E007BCEB4 /* Project object */;
}
